<?xml version="1.0" encoding="utf-8"?>
<Project ToolsVersion="4.0" xmlns="http://schemas.microsoft.com/developer/msbuild/2003">
  <ItemGroup>
    <Filter Include="Builder">
      <UniqueIdentifier>{6CD5D7F4-D8B4-5690-E1CC-E1664D2BBDF1}</UniqueIdentifier>
    </Filter>
    <Filter Include="Builder\Header">
      <UniqueIdentifier>{242B1B80-10F9-0E86-F98C-7FACE5F9EAEA}</UniqueIdentifier>
    </Filter>
    <Filter Include="Builder\cpp">
      <UniqueIdentifier>{3E25789E-AADA-F093-33CF-EA6A9F83E797}</UniqueIdentifier>
    </Filter>
    <Filter Include="Engine">
      <UniqueIdentifier>{DBC7D3B0-C769-FE86-B024-12DB9C6585D7}</UniqueIdentifier>
    </Filter>
    <Filter Include="Engine\Headers">
      <UniqueIdentifier>{8681432F-724F-3735-5BE3-A75B4750139A}</UniqueIdentifier>
    </Filter>
    <Filter Include="Engine\Headers\Core">
      <UniqueIdentifier>{9E89A856-0AEB-8564-9358-CC16FFB8BC23}</UniqueIdentifier>
    </Filter>
    <Filter Include="Engine\Headers\ECS">
      <UniqueIdentifier>{D0C8AF40-BCAC-7096-250D-6BE911105B18}</UniqueIdentifier>
    </Filter>
    <Filter Include="Engine\Headers\Graphics">
      <UniqueIdentifier>{86604096-F297-882D-FBA1-EC506758AF26}</UniqueIdentifier>
    </Filter>
    <Filter Include="Engine\Headers\Input">
      <UniqueIdentifier>{05BE252C-F14C-AFF5-9A6B-C3F086D9BF9B}</UniqueIdentifier>
    </Filter>
    <Filter Include="Engine\Headers\Math">
      <UniqueIdentifier>{1FCAAD56-8B2B-8B64-1499-D11680F9C123}</UniqueIdentifier>
    </Filter>
    <Filter Include="Engine\Headers\Testing">
      <UniqueIdentifier>{D31E8506-BF18-AE58-A885-4469941E14C5}</UniqueIdentifier>
    </Filter>
    <Filter Include="Engine\cpp">
      <UniqueIdentifier>{2DB7F502-196F-3750-8276-10AC6E4DD240}</UniqueIdentifier>
    </Filter>
    <Filter Include="Engine\cpp\Core">
      <UniqueIdentifier>{A55F9170-11EB-FE34-1AFC-812986065B35}</UniqueIdentifier>
    </Filter>
    <Filter Include="Engine\cpp\ECS">
      <UniqueIdentifier>{F7794268-E347-366E-CCDB-A694B84812D3}</UniqueIdentifier>
    </Filter>
    <Filter Include="Engine\cpp\Graphics">
      <UniqueIdentifier>{0DE22285-7943-0093-02B1-46456E113752}</UniqueIdentifier>
    </Filter>
    <Filter Include="Engine\cpp\Input">
      <UniqueIdentifier>{EC542983-D84D-48D5-0180-2D5AEDD727E1}</UniqueIdentifier>
    </Filter>
    <Filter Include="Engine\cpp\Math">
      <UniqueIdentifier>{26A09670-922B-0435-9B3C-872907476035}</UniqueIdentifier>
    </Filter>
    <Filter Include="Engine\cpp\Testing">
      <UniqueIdentifier>{7A0BCA2C-66EF-8A82-CF4F-85D5BB527504}</UniqueIdentifier>
    </Filter>
  </ItemGroup>
  <ItemGroup>
    <ClInclude Include="src\Builder\Header\Builder.h">
      <Filter>Builder\Header</Filter>
    </ClInclude>
    <ClInclude Include="src\Engine\Headers\Core\Application.h">
      <Filter>Engine\Headers\Core</Filter>
    </ClInclude>
    <ClInclude Include="src\Engine\Headers\Core\Core.h">
      <Filter>Engine\Headers\Core</Filter>
    </ClInclude>
    <ClInclude Include="src\Engine\Headers\Core\Logger.h">
      <Filter>Engine\Headers\Core</Filter>
    </ClInclude>
    <ClInclude Include="src\Engine\Headers\Core\Timer.h">
      <Filter>Engine\Headers\Core</Filter>
    </ClInclude>
    <ClInclude Include="src\Engine\Headers\Core\Window.h">
      <Filter>Engine\Headers\Core</Filter>
    </ClInclude>
    <ClInclude Include="src\Engine\Headers\ECS\Attribute.h">
      <Filter>Engine\Headers\ECS</Filter>
    </ClInclude>
    <ClInclude Include="src\Engine\Headers\ECS\GameObject.h">
      <Filter>Engine\Headers\ECS</Filter>
    </ClInclude>
    <ClInclude Include="src\Engine\Headers\Graphics\Camera.h">
      <Filter>Engine\Headers\Graphics</Filter>
    </ClInclude>
    <ClInclude Include="src\Engine\Headers\Graphics\Colour.h">
      <Filter>Engine\Headers\Graphics</Filter>
    </ClInclude>
    <ClInclude Include="src\Engine\Headers\Graphics\Renderer.h">
      <Filter>Engine\Headers\Graphics</Filter>
    </ClInclude>
    <ClInclude Include="src\Engine\Headers\Graphics\Shader.h">
      <Filter>Engine\Headers\Graphics</Filter>
    </ClInclude>
    <ClInclude Include="src\Engine\Headers\Graphics\Sprite.h">
      <Filter>Engine\Headers\Graphics</Filter>
    </ClInclude>
    <ClInclude Include="src\Engine\Headers\Graphics\Texture.h">
      <Filter>Engine\Headers\Graphics</Filter>
    </ClInclude>
    <ClInclude Include="src\Engine\Headers\Input\InputManager.h">
      <Filter>Engine\Headers\Input</Filter>
    </ClInclude>
    <ClInclude Include="src\Engine\Headers\Math\Vector2.h">
      <Filter>Engine\Headers\Math</Filter>
    </ClInclude>
    <ClInclude Include="src\Engine\Headers\Testing\Test.h">
      <Filter>Engine\Headers\Testing</Filter>
    </ClInclude>
    <ClInclude Include="src\Entrypoint.h" />
    <ClInclude Include="src\FalseUnion.h" />
  </ItemGroup>
  <ItemGroup>
    <ClCompile Include="src\Builder\cpp\Builder.cpp">
      <Filter>Builder\cpp</Filter>
    </ClCompile>
    <ClCompile Include="src\Engine\cpp\Core\Application.cpp">
      <Filter>Engine\cpp\Core</Filter>
    </ClCompile>
    <ClCompile Include="src\Engine\cpp\Core\Core.cpp">
      <Filter>Engine\cpp\Core</Filter>
    </ClCompile>
    <ClCompile Include="src\Engine\cpp\Core\Logger.cpp">
      <Filter>Engine\cpp\Core</Filter>
    </ClCompile>
    <ClCompile Include="src\Engine\cpp\Core\Timer.cpp">
      <Filter>Engine\cpp\Core</Filter>
    </ClCompile>
    <ClCompile Include="src\Engine\cpp\Core\Window.cpp">
      <Filter>Engine\cpp\Core</Filter>
    </ClCompile>
    <ClCompile Include="src\Engine\cpp\ECS\Attribute.cpp">
      <Filter>Engine\cpp\ECS</Filter>
    </ClCompile>
    <ClCompile Include="src\Engine\cpp\ECS\GameObject.cpp">
      <Filter>Engine\cpp\ECS</Filter>
    </ClCompile>
    <ClCompile Include="src\Engine\cpp\Graphics\Camera.cpp">
      <Filter>Engine\cpp\Graphics</Filter>
    </ClCompile>
    <ClCompile Include="src\Engine\cpp\Graphics\Colour.cpp">
      <Filter>Engine\cpp\Graphics</Filter>
    </ClCompile>
    <ClCompile Include="src\Engine\cpp\Graphics\Renderer.cpp">
      <Filter>Engine\cpp\Graphics</Filter>
    </ClCompile>
    <ClCompile Include="src\Engine\cpp\Graphics\Shader.cpp">
      <Filter>Engine\cpp\Graphics</Filter>
    </ClCompile>
    <ClCompile Include="src\Engine\cpp\Graphics\Sprite.cpp">
      <Filter>Engine\cpp\Graphics</Filter>
    </ClCompile>
    <ClCompile Include="src\Engine\cpp\Graphics\Texture.cpp">
      <Filter>Engine\cpp\Graphics</Filter>
    </ClCompile>
    <ClCompile Include="src\Engine\cpp\Input\InputManager.cpp">
      <Filter>Engine\cpp\Input</Filter>
    </ClCompile>
    <ClCompile Include="src\Engine\cpp\Math\Vector2.cpp">
      <Filter>Engine\cpp\Math</Filter>
    </ClCompile>
    <ClCompile Include="src\Engine\cpp\Testing\Test.cpp">
      <Filter>Engine\cpp\Testing</Filter>
    </ClCompile>
  </ItemGroup>
</Project>